<?xml version="1.0" encoding="utf-8"?>
<Project ToolsVersion="4.0" xmlns="http://schemas.microsoft.com/developer/msbuild/2003">
  <ItemGroup>
    <ClCompile Include="test.cpp" />
    <ClCompile Include="pch.cpp" />
    <ClCompile Include="..\source\module\deque.c">
      <Filter>source\module</Filter>
    </ClCompile>
    <ClCompile Include="..\source\module\common_des.c">
      <Filter>source\module</Filter>
    </ClCompile>
    <ClCompile Include="..\source\module\math_des.c">
      <Filter>source\module</Filter>
    </ClCompile>
    <ClCompile Include="..\source\third\heatshrink\heatshrink_decoder.c">
      <Filter>source\third\heatshrink</Filter>
    </ClCompile>
    <ClCompile Include="..\source\third\heatshrink\heatshrink_encoder.c">
      <Filter>source\third\heatshrink</Filter>
    </ClCompile>
    <ClCompile Include="..\source\third\minilzo-2.10\minilzo.c">
      <Filter>source\third\minilzo</Filter>
    </ClCompile>
    <ClCompile Include="..\source\third\quicklz\quicklz.c">
      <Filter>source\third\qlz</Filter>
    </ClCompile>
    <ClCompile Include="..\source\third\compression_test.c">
      <Filter>source\third</Filter>
    </ClCompile>
  </ItemGroup>
  <ItemGroup>
    <ClInclude Include="pch.h" />
    <ClInclude Include="..\source\module\deque.h">
      <Filter>source\module</Filter>
    </ClInclude>
    <ClInclude Include="..\source\module\common_des.h">
      <Filter>source\module</Filter>
    </ClInclude>
    <ClInclude Include="..\source\module\math_des.h">
      <Filter>source\module</Filter>
    </ClInclude>
    <ClInclude Include="..\source\hal_chip\hal_type.h">
      <Filter>source\hal_chip</Filter>
    </ClInclude>
  </ItemGroup>
  <ItemGroup>
    <Filter Include="source">
      <UniqueIdentifier>{cdeca70f-90ec-4abd-b64d-2ed46808263c}</UniqueIdentifier>
    </Filter>
    <Filter Include="source\module">
      <UniqueIdentifier>{dbab8268-17d1-402e-9ef5-f1fea2f7b6a5}</UniqueIdentifier>
    </Filter>
    <Filter Include="source\hal_chip">
      <UniqueIdentifier>{b04fa2ac-1a37-460b-b102-e340e801814a}</UniqueIdentifier>
    </Filter>
    <Filter Include="source\third">
      <UniqueIdentifier>{8b10b096-c6ca-4a5d-a5d0-20fcd268be82}</UniqueIdentifier>
    </Filter>
    <Filter Include="source\third\qlz">
      <UniqueIdentifier>{11d71c85-82bb-4b89-88b2-f2f6f04312d1}</UniqueIdentifier>
    </Filter>
    <Filter Include="source\third\minilzo">
      <UniqueIdentifier>{4bf965b0-75e6-43c3-bc92-540573d22c3a}</UniqueIdentifier>
    </Filter>
    <Filter Include="source\third\heatshrink">
      <UniqueIdentifier>{83fde7af-c04d-47e3-b7d6-1d1196dc1403}</UniqueIdentifier>
    </Filter>
  </ItemGroup>
  <ItemGroup>
    <None Include="packages.config" />
  </ItemGroup>
</Project>